// !$*UTF8*$!
{
	archiveVersion = 1;
	classes = {
	};
	objectVersion = 56;
	objects = {

/* Begin PBXBuildFile section */
		9E4327BD2CB4ABFC00E1B450 /* OpenButton.swift in Sources */ = {isa = PBXBuildFile; fileRef = 9E4327BC2CB4ABFC00E1B450 /* OpenButton.swift */; };
		9E4327C32CB4B7E900E1B450 /* UnlockView.swift in Sources */ = {isa = PBXBuildFile; fileRef = 9E4327C22CB4B7E900E1B450 /* UnlockView.swift */; };
		9E4327C52CB4BD7D00E1B450 /* DoorView.swift in Sources */ = {isa = PBXBuildFile; fileRef = 9E4327C42CB4BD7D00E1B450 /* DoorView.swift */; };
		9E4327C72CB4BEC000E1B450 /* SettingsView.swift in Sources */ = {isa = PBXBuildFile; fileRef = 9E4327C62CB4BEC000E1B450 /* SettingsView.swift */; };
		9E5837862CB3C34F007F84EB /* DoorMateApp.swift in Sources */ = {isa = PBXBuildFile; fileRef = 9E5837852CB3C34F007F84EB /* DoorMateApp.swift */; };
		9E5837882CB3C34F007F84EB /* ContentView.swift in Sources */ = {isa = PBXBuildFile; fileRef = 9E5837872CB3C34F007F84EB /* ContentView.swift */; };
		9E58378A2CB3C34F007F84EB /* Assets.xcassets in Resources */ = {isa = PBXBuildFile; fileRef = 9E5837892CB3C34F007F84EB /* Assets.xcassets */; };
		9E58378D2CB3C34F007F84EB /* Preview Assets.xcassets in Resources */ = {isa = PBXBuildFile; fileRef = 9E58378C2CB3C34F007F84EB /* Preview Assets.xcassets */; };
		9E5837972CB3C350007F84EB /* DoorMateTests.swift in Sources */ = {isa = PBXBuildFile; fileRef = 9E5837962CB3C350007F84EB /* DoorMateTests.swift */; };
		9E5837A12CB3C350007F84EB /* DoorMateUITests.swift in Sources */ = {isa = PBXBuildFile; fileRef = 9E5837A02CB3C350007F84EB /* DoorMateUITests.swift */; };
		9E5837A32CB3C350007F84EB /* DoorMateUITestsLaunchTests.swift in Sources */ = {isa = PBXBuildFile; fileRef = 9E5837A22CB3C350007F84EB /* DoorMateUITestsLaunchTests.swift */; };
/* End PBXBuildFile section */

/* Begin PBXContainerItemProxy section */
		9E5837932CB3C350007F84EB /* PBXContainerItemProxy */ = {
			isa = PBXContainerItemProxy;
			containerPortal = 9E58377A2CB3C34F007F84EB /* Project object */;
			proxyType = 1;
			remoteGlobalIDString = 9E5837812CB3C34F007F84EB;
			remoteInfo = DoorMate;
		};
		9E58379D2CB3C350007F84EB /* PBXContainerItemProxy */ = {
			isa = PBXContainerItemProxy;
			containerPortal = 9E58377A2CB3C34F007F84EB /* Project object */;
			proxyType = 1;
			remoteGlobalIDString = 9E5837812CB3C34F007F84EB;
			remoteInfo = DoorMate;
		};
/* End PBXContainerItemProxy section */

/* Begin PBXFileReference section */
		9E4327BC2CB4ABFC00E1B450 /* OpenButton.swift */ = {isa = PBXFileReference; lastKnownFileType = sourcecode.swift; path = OpenButton.swift; sourceTree = "<group>"; };
		9E4327C22CB4B7E900E1B450 /* UnlockView.swift */ = {isa = PBXFileReference; lastKnownFileType = sourcecode.swift; path = UnlockView.swift; sourceTree = "<group>"; };
		9E4327C42CB4BD7D00E1B450 /* DoorView.swift */ = {isa = PBXFileReference; lastKnownFileType = sourcecode.swift; path = DoorView.swift; sourceTree = "<group>"; };
		9E4327C62CB4BEC000E1B450 /* SettingsView.swift */ = {isa = PBXFileReference; lastKnownFileType = sourcecode.swift; path = SettingsView.swift; sourceTree = "<group>"; };
		9E5837822CB3C34F007F84EB /* DoorMate.app */ = {isa = PBXFileReference; explicitFileType = wrapper.application; includeInIndex = 0; path = DoorMate.app; sourceTree = BUILT_PRODUCTS_DIR; };
		9E5837852CB3C34F007F84EB /* DoorMateApp.swift */ = {isa = PBXFileReference; lastKnownFileType = sourcecode.swift; path = DoorMateApp.swift; sourceTree = "<group>"; };
		9E5837872CB3C34F007F84EB /* ContentView.swift */ = {isa = PBXFileReference; lastKnownFileType = sourcecode.swift; path = ContentView.swift; sourceTree = "<group>"; };
		9E5837892CB3C34F007F84EB /* Assets.xcassets */ = {isa = PBXFileReference; lastKnownFileType = folder.assetcatalog; path = Assets.xcassets; sourceTree = "<group>"; };
		9E58378C2CB3C34F007F84EB /* Preview Assets.xcassets */ = {isa = PBXFileReference; lastKnownFileType = folder.assetcatalog; path = "Preview Assets.xcassets"; sourceTree = "<group>"; };
		9E5837922CB3C350007F84EB /* DoorMateTests.xctest */ = {isa = PBXFileReference; explicitFileType = wrapper.cfbundle; includeInIndex = 0; path = DoorMateTests.xctest; sourceTree = BUILT_PRODUCTS_DIR; };
		9E5837962CB3C350007F84EB /* DoorMateTests.swift */ = {isa = PBXFileReference; lastKnownFileType = sourcecode.swift; path = DoorMateTests.swift; sourceTree = "<group>"; };
		9E58379C2CB3C350007F84EB /* DoorMateUITests.xctest */ = {isa = PBXFileReference; explicitFileType = wrapper.cfbundle; includeInIndex = 0; path = DoorMateUITests.xctest; sourceTree = BUILT_PRODUCTS_DIR; };
		9E5837A02CB3C350007F84EB /* DoorMateUITests.swift */ = {isa = PBXFileReference; lastKnownFileType = sourcecode.swift; path = DoorMateUITests.swift; sourceTree = "<group>"; };
		9E5837A22CB3C350007F84EB /* DoorMateUITestsLaunchTests.swift */ = {isa = PBXFileReference; lastKnownFileType = sourcecode.swift; path = DoorMateUITestsLaunchTests.swift; sourceTree = "<group>"; };
/* End PBXFileReference section */

/* Begin PBXFrameworksBuildPhase section */
		9E58377F2CB3C34F007F84EB /* Frameworks */ = {
			isa = PBXFrameworksBuildPhase;
			buildActionMask = 2147483647;
			files = (
			);
			runOnlyForDeploymentPostprocessing = 0;
		};
		9E58378F2CB3C350007F84EB /* Frameworks */ = {
			isa = PBXFrameworksBuildPhase;
			buildActionMask = 2147483647;
			files = (
			);
			runOnlyForDeploymentPostprocessing = 0;
		};
		9E5837992CB3C350007F84EB /* Frameworks */ = {
			isa = PBXFrameworksBuildPhase;
			buildActionMask = 2147483647;
			files = (
			);
			runOnlyForDeploymentPostprocessing = 0;
		};
/* End PBXFrameworksBuildPhase section */

/* Begin PBXGroup section */
		9E5837792CB3C34F007F84EB = {
			isa = PBXGroup;
			children = (
				9E5837842CB3C34F007F84EB /* DoorMate */,
				9E5837952CB3C350007F84EB /* DoorMateTests */,
				9E58379F2CB3C350007F84EB /* DoorMateUITests */,
				9E5837832CB3C34F007F84EB /* Products */,
			);
			sourceTree = "<group>";
		};
		9E5837832CB3C34F007F84EB /* Products */ = {
			isa = PBXGroup;
			children = (
				9E5837822CB3C34F007F84EB /* DoorMate.app */,
				9E5837922CB3C350007F84EB /* DoorMateTests.xctest */,
				9E58379C2CB3C350007F84EB /* DoorMateUITests.xctest */,
			);
			name = Products;
			sourceTree = "<group>";
		};
		9E5837842CB3C34F007F84EB /* DoorMate */ = {
			isa = PBXGroup;
			children = (
				9E5837852CB3C34F007F84EB /* DoorMateApp.swift */,
				9E4327C22CB4B7E900E1B450 /* UnlockView.swift */,
				9E4327C62CB4BEC000E1B450 /* SettingsView.swift */,
				9E4327C42CB4BD7D00E1B450 /* DoorView.swift */,
				9E5837872CB3C34F007F84EB /* ContentView.swift */,
				9E4327BC2CB4ABFC00E1B450 /* OpenButton.swift */,
				9E5837892CB3C34F007F84EB /* Assets.xcassets */,
				9E58378B2CB3C34F007F84EB /* Preview Content */,
			);
			path = DoorMate;
			sourceTree = "<group>";
		};
		9E58378B2CB3C34F007F84EB /* Preview Content */ = {
			isa = PBXGroup;
			children = (
				9E58378C2CB3C34F007F84EB /* Preview Assets.xcassets */,
			);
			path = "Preview Content";
			sourceTree = "<group>";
		};
		9E5837952CB3C350007F84EB /* DoorMateTests */ = {
			isa = PBXGroup;
			children = (
				9E5837962CB3C350007F84EB /* DoorMateTests.swift */,
			);
			path = DoorMateTests;
			sourceTree = "<group>";
		};
		9E58379F2CB3C350007F84EB /* DoorMateUITests */ = {
			isa = PBXGroup;
			children = (
				9E5837A02CB3C350007F84EB /* DoorMateUITests.swift */,
				9E5837A22CB3C350007F84EB /* DoorMateUITestsLaunchTests.swift */,
			);
			path = DoorMateUITests;
			sourceTree = "<group>";
		};
/* End PBXGroup section */

/* Begin PBXNativeTarget section */
		9E5837812CB3C34F007F84EB /* DoorMate */ = {
			isa = PBXNativeTarget;
			buildConfigurationList = 9E5837A62CB3C350007F84EB /* Build configuration list for PBXNativeTarget "DoorMate" */;
			buildPhases = (
				9E58377E2CB3C34F007F84EB /* Sources */,
				9E58377F2CB3C34F007F84EB /* Frameworks */,
				9E5837802CB3C34F007F84EB /* Resources */,
			);
			buildRules = (
			);
			dependencies = (
			);
			name = DoorMate;
			productName = DoorMate;
			productReference = 9E5837822CB3C34F007F84EB /* DoorMate.app */;
			productType = "com.apple.product-type.application";
		};
		9E5837912CB3C350007F84EB /* DoorMateTests */ = {
			isa = PBXNativeTarget;
			buildConfigurationList = 9E5837A92CB3C350007F84EB /* Build configuration list for PBXNativeTarget "DoorMateTests" */;
			buildPhases = (
				9E58378E2CB3C350007F84EB /* Sources */,
				9E58378F2CB3C350007F84EB /* Frameworks */,
				9E5837902CB3C350007F84EB /* Resources */,
			);
			buildRules = (
			);
			dependencies = (
				9E5837942CB3C350007F84EB /* PBXTargetDependency */,
			);
			name = DoorMateTests;
			productName = DoorMateTests;
			productReference = 9E5837922CB3C350007F84EB /* DoorMateTests.xctest */;
			productType = "com.apple.product-type.bundle.unit-test";
		};
		9E58379B2CB3C350007F84EB /* DoorMateUITests */ = {
			isa = PBXNativeTarget;
			buildConfigurationList = 9E5837AC2CB3C350007F84EB /* Build configuration list for PBXNativeTarget "DoorMateUITests" */;
			buildPhases = (
				9E5837982CB3C350007F84EB /* Sources */,
				9E5837992CB3C350007F84EB /* Frameworks */,
				9E58379A2CB3C350007F84EB /* Resources */,
			);
			buildRules = (
			);
			dependencies = (
				9E58379E2CB3C350007F84EB /* PBXTargetDependency */,
			);
			name = DoorMateUITests;
			productName = DoorMateUITests;
			productReference = 9E58379C2CB3C350007F84EB /* DoorMateUITests.xctest */;
			productType = "com.apple.product-type.bundle.ui-testing";
		};
/* End PBXNativeTarget section */

/* Begin PBXProject section */
		9E58377A2CB3C34F007F84EB /* Project object */ = {
			isa = PBXProject;
			attributes = {
				BuildIndependentTargetsInParallel = 1;
				LastSwiftUpdateCheck = 1530;
				LastUpgradeCheck = 1530;
				TargetAttributes = {
					9E5837812CB3C34F007F84EB = {
						CreatedOnToolsVersion = 15.3;
					};
					9E5837912CB3C350007F84EB = {
						CreatedOnToolsVersion = 15.3;
						TestTargetID = 9E5837812CB3C34F007F84EB;
					};
					9E58379B2CB3C350007F84EB = {
						CreatedOnToolsVersion = 15.3;
						TestTargetID = 9E5837812CB3C34F007F84EB;
					};
				};
			};
			buildConfigurationList = 9E58377D2CB3C34F007F84EB /* Build configuration list for PBXProject "DoorMate" */;
			compatibilityVersion = "Xcode 14.0";
			developmentRegion = en;
			hasScannedForEncodings = 0;
			knownRegions = (
				en,
				Base,
			);
			mainGroup = 9E5837792CB3C34F007F84EB;
			productRefGroup = 9E5837832CB3C34F007F84EB /* Products */;
			projectDirPath = "";
			projectRoot = "";
			targets = (
				9E5837812CB3C34F007F84EB /* DoorMate */,
				9E5837912CB3C350007F84EB /* DoorMateTests */,
				9E58379B2CB3C350007F84EB /* DoorMateUITests */,
			);
		};
/* End PBXProject section */

/* Begin PBXResourcesBuildPhase section */
		9E5837802CB3C34F007F84EB /* Resources */ = {
			isa = PBXResourcesBuildPhase;
			buildActionMask = 2147483647;
			files = (
				9E58378D2CB3C34F007F84EB /* Preview Assets.xcassets in Resources */,
				9E58378A2CB3C34F007F84EB /* Assets.xcassets in Resources */,
			);
			runOnlyForDeploymentPostprocessing = 0;
		};
		9E5837902CB3C350007F84EB /* Resources */ = {
			isa = PBXResourcesBuildPhase;
			buildActionMask = 2147483647;
			files = (
			);
			runOnlyForDeploymentPostprocessing = 0;
		};
		9E58379A2CB3C350007F84EB /* Resources */ = {
			isa = PBXResourcesBuildPhase;
			buildActionMask = 2147483647;
			files = (
			);
			runOnlyForDeploymentPostprocessing = 0;
		};
/* End PBXResourcesBuildPhase section */

/* Begin PBXSourcesBuildPhase section */
		9E58377E2CB3C34F007F84EB /* Sources */ = {
			isa = PBXSourcesBuildPhase;
			buildActionMask = 2147483647;
			files = (
				9E5837882CB3C34F007F84EB /* ContentView.swift in Sources */,
				9E5837862CB3C34F007F84EB /* DoorMateApp.swift in Sources */,
				9E4327C32CB4B7E900E1B450 /* UnlockView.swift in Sources */,
				9E4327C72CB4BEC000E1B450 /* SettingsView.swift in Sources */,
				9E4327BD2CB4ABFC00E1B450 /* OpenButton.swift in Sources */,
				9E4327C52CB4BD7D00E1B450 /* DoorView.swift in Sources */,
			);
			runOnlyForDeploymentPostprocessing = 0;
		};
		9E58378E2CB3C350007F84EB /* Sources */ = {
			isa = PBXSourcesBuildPhase;
			buildActionMask = 2147483647;
			files = (
				9E5837972CB3C350007F84EB /* DoorMateTests.swift in Sources */,
			);
			runOnlyForDeploymentPostprocessing = 0;
		};
		9E5837982CB3C350007F84EB /* Sources */ = {
			isa = PBXSourcesBuildPhase;
			buildActionMask = 2147483647;
			files = (
				9E5837A32CB3C350007F84EB /* DoorMateUITestsLaunchTests.swift in Sources */,
				9E5837A12CB3C350007F84EB /* DoorMateUITests.swift in Sources */,
			);
			runOnlyForDeploymentPostprocessing = 0;
		};
/* End PBXSourcesBuildPhase section */

/* Begin PBXTargetDependency section */
		9E5837942CB3C350007F84EB /* PBXTargetDependency */ = {
			isa = PBXTargetDependency;
			target = 9E5837812CB3C34F007F84EB /* DoorMate */;
			targetProxy = 9E5837932CB3C350007F84EB /* PBXContainerItemProxy */;
		};
		9E58379E2CB3C350007F84EB /* PBXTargetDependency */ = {
			isa = PBXTargetDependency;
			target = 9E5837812CB3C34F007F84EB /* DoorMate */;
			targetProxy = 9E58379D2CB3C350007F84EB /* PBXContainerItemProxy */;
		};
/* End PBXTargetDependency section */

/* Begin XCBuildConfiguration section */
		9E5837A42CB3C350007F84EB /* Debug */ = {
			isa = XCBuildConfiguration;
			buildSettings = {
				ALWAYS_SEARCH_USER_PATHS = NO;
				ASSETCATALOG_COMPILER_GENERATE_SWIFT_ASSET_SYMBOL_EXTENSIONS = YES;
				CLANG_ANALYZER_NONNULL = YES;
				CLANG_ANALYZER_NUMBER_OBJECT_CONVERSION = YES_AGGRESSIVE;
				CLANG_CXX_LANGUAGE_STANDARD = "gnu++20";
				CLANG_ENABLE_MODULES = YES;
				CLANG_ENABLE_OBJC_ARC = YES;
				CLANG_ENABLE_OBJC_WEAK = YES;
				CLANG_WARN_BLOCK_CAPTURE_AUTORELEASING = YES;
				CLANG_WARN_BOOL_CONVERSION = YES;
				CLANG_WARN_COMMA = YES;
				CLANG_WARN_CONSTANT_CONVERSION = YES;
				CLANG_WARN_DEPRECATED_OBJC_IMPLEMENTATIONS = YES;
				CLANG_WARN_DIRECT_OBJC_ISA_USAGE = YES_ERROR;
				CLANG_WARN_DOCUMENTATION_COMMENTS = YES;
				CLANG_WARN_EMPTY_BODY = YES;
				CLANG_WARN_ENUM_CONVERSION = YES;
				CLANG_WARN_INFINITE_RECURSION = YES;
				CLANG_WARN_INT_CONVERSION = YES;
				CLANG_WARN_NON_LITERAL_NULL_CONVERSION = YES;
				CLANG_WARN_OBJC_IMPLICIT_RETAIN_SELF = YES;
				CLANG_WARN_OBJC_LITERAL_CONVERSION = YES;
				CLANG_WARN_OBJC_ROOT_CLASS = YES_ERROR;
				CLANG_WARN_QUOTED_INCLUDE_IN_FRAMEWORK_HEADER = YES;
				CLANG_WARN_RANGE_LOOP_ANALYSIS = YES;
				CLANG_WARN_STRICT_PROTOTYPES = YES;
				CLANG_WARN_SUSPICIOUS_MOVE = YES;
				CLANG_WARN_UNGUARDED_AVAILABILITY = YES_AGGRESSIVE;
				CLANG_WARN_UNREACHABLE_CODE = YES;
				CLANG_WARN__DUPLICATE_METHOD_MATCH = YES;
				COPY_PHASE_STRIP = NO;
				DEBUG_INFORMATION_FORMAT = dwarf;
				ENABLE_STRICT_OBJC_MSGSEND = YES;
				ENABLE_TESTABILITY = YES;
				ENABLE_USER_SCRIPT_SANDBOXING = YES;
				GCC_C_LANGUAGE_STANDARD = gnu17;
				GCC_DYNAMIC_NO_PIC = NO;
				GCC_NO_COMMON_BLOCKS = YES;
				GCC_OPTIMIZATION_LEVEL = 0;
				GCC_PREPROCESSOR_DEFINITIONS = (
					"DEBUG=1",
					"$(inherited)",
				);
				GCC_WARN_64_TO_32_BIT_CONVERSION = YES;
				GCC_WARN_ABOUT_RETURN_TYPE = YES_ERROR;
				GCC_WARN_UNDECLARED_SELECTOR = YES;
				GCC_WARN_UNINITIALIZED_AUTOS = YES_AGGRESSIVE;
				GCC_WARN_UNUSED_FUNCTION = YES;
				GCC_WARN_UNUSED_VARIABLE = YES;
				IPHONEOS_DEPLOYMENT_TARGET = 17.4;
				LOCALIZATION_PREFERS_STRING_CATALOGS = YES;
				MTL_ENABLE_DEBUG_INFO = INCLUDE_SOURCE;
				MTL_FAST_MATH = YES;
				ONLY_ACTIVE_ARCH = YES;
				SDKROOT = iphoneos;
				SWIFT_ACTIVE_COMPILATION_CONDITIONS = "DEBUG $(inherited)";
				SWIFT_OPTIMIZATION_LEVEL = "-Onone";
			};
			name = Debug;
		};
		9E5837A52CB3C350007F84EB /* Release */ = {
			isa = XCBuildConfiguration;
			buildSettings = {
				ALWAYS_SEARCH_USER_PATHS = NO;
				ASSETCATALOG_COMPILER_GENERATE_SWIFT_ASSET_SYMBOL_EXTENSIONS = YES;
				CLANG_ANALYZER_NONNULL = YES;
				CLANG_ANALYZER_NUMBER_OBJECT_CONVERSION = YES_AGGRESSIVE;
				CLANG_CXX_LANGUAGE_STANDARD = "gnu++20";
				CLANG_ENABLE_MODULES = YES;
				CLANG_ENABLE_OBJC_ARC = YES;
				CLANG_ENABLE_OBJC_WEAK = YES;
				CLANG_WARN_BLOCK_CAPTURE_AUTORELEASING = YES;
				CLANG_WARN_BOOL_CONVERSION = YES;
				CLANG_WARN_COMMA = YES;
				CLANG_WARN_CONSTANT_CONVERSION = YES;
				CLANG_WARN_DEPRECATED_OBJC_IMPLEMENTATIONS = YES;
				CLANG_WARN_DIRECT_OBJC_ISA_USAGE = YES_ERROR;
				CLANG_WARN_DOCUMENTATION_COMMENTS = YES;
				CLANG_WARN_EMPTY_BODY = YES;
				CLANG_WARN_ENUM_CONVERSION = YES;
				CLANG_WARN_INFINITE_RECURSION = YES;
				CLANG_WARN_INT_CONVERSION = YES;
				CLANG_WARN_NON_LITERAL_NULL_CONVERSION = YES;
				CLANG_WARN_OBJC_IMPLICIT_RETAIN_SELF = YES;
				CLANG_WARN_OBJC_LITERAL_CONVERSION = YES;
				CLANG_WARN_OBJC_ROOT_CLASS = YES_ERROR;
				CLANG_WARN_QUOTED_INCLUDE_IN_FRAMEWORK_HEADER = YES;
				CLANG_WARN_RANGE_LOOP_ANALYSIS = YES;
				CLANG_WARN_STRICT_PROTOTYPES = YES;
				CLANG_WARN_SUSPICIOUS_MOVE = YES;
				CLANG_WARN_UNGUARDED_AVAILABILITY = YES_AGGRESSIVE;
				CLANG_WARN_UNREACHABLE_CODE = YES;
				CLANG_WARN__DUPLICATE_METHOD_MATCH = YES;
				COPY_PHASE_STRIP = NO;
				DEBUG_INFORMATION_FORMAT = "dwarf-with-dsym";
				ENABLE_NS_ASSERTIONS = NO;
				ENABLE_STRICT_OBJC_MSGSEND = YES;
				ENABLE_USER_SCRIPT_SANDBOXING = YES;
				GCC_C_LANGUAGE_STANDARD = gnu17;
				GCC_NO_COMMON_BLOCKS = YES;
				GCC_WARN_64_TO_32_BIT_CONVERSION = YES;
				GCC_WARN_ABOUT_RETURN_TYPE = YES_ERROR;
				GCC_WARN_UNDECLARED_SELECTOR = YES;
				GCC_WARN_UNINITIALIZED_AUTOS = YES_AGGRESSIVE;
				GCC_WARN_UNUSED_FUNCTION = YES;
				GCC_WARN_UNUSED_VARIABLE = YES;
				IPHONEOS_DEPLOYMENT_TARGET = 17.4;
				LOCALIZATION_PREFERS_STRING_CATALOGS = YES;
				MTL_ENABLE_DEBUG_INFO = NO;
				MTL_FAST_MATH = YES;
				SDKROOT = iphoneos;
				SWIFT_COMPILATION_MODE = wholemodule;
				VALIDATE_PRODUCT = YES;
			};
			name = Release;
		};
		9E5837A72CB3C350007F84EB /* Debug */ = {
			isa = XCBuildConfiguration;
			buildSettings = {
				ASSETCATALOG_COMPILER_APPICON_NAME = AppIcon;
				ASSETCATALOG_COMPILER_GLOBAL_ACCENT_COLOR_NAME = AccentColor;
				CODE_SIGN_STYLE = Automatic;
				CURRENT_PROJECT_VERSION = 1;
				DEVELOPMENT_ASSET_PATHS = "\"DoorMate/Preview Content\"";
				DEVELOPMENT_TEAM = 8QQ44SDS43;
				ENABLE_PREVIEWS = YES;
				GENERATE_INFOPLIST_FILE = YES;
				INFOPLIST_KEY_UIApplicationSceneManifest_Generation = YES;
				INFOPLIST_KEY_UIApplicationSupportsIndirectInputEvents = YES;
				INFOPLIST_KEY_UILaunchScreen_Generation = YES;
				INFOPLIST_KEY_UISupportedInterfaceOrientations = "UIInterfaceOrientationLandscapeLeft UIInterfaceOrientationLandscapeRight UIInterfaceOrientationPortrait";
				INFOPLIST_KEY_UISupportedInterfaceOrientations_iPad = "UIInterfaceOrientationLandscapeLeft UIInterfaceOrientationLandscapeRight UIInterfaceOrientationPortrait UIInterfaceOrientationPortraitUpsideDown";
				LD_RUNPATH_SEARCH_PATHS = (
					"$(inherited)",
					"@executable_path/Frameworks",
				);
				MARKETING_VERSION = 1.0;
				PRODUCT_BUNDLE_IDENTIFIER = com.slugsolutions.DoorMate;
				PRODUCT_NAME = "$(TARGET_NAME)";
				SWIFT_EMIT_LOC_STRINGS = YES;
				SWIFT_VERSION = 5.0;
				TARGETED_DEVICE_FAMILY = "1,2";
			};
			name = Debug;
		};
		9E5837A82CB3C350007F84EB /* Release */ = {
			isa = XCBuildConfiguration;
			buildSettings = {
				ASSETCATALOG_COMPILER_APPICON_NAME = AppIcon;
				ASSETCATALOG_COMPILER_GLOBAL_ACCENT_COLOR_NAME = AccentColor;
				CODE_SIGN_STYLE = Automatic;
				CURRENT_PROJECT_VERSION = 1;
				DEVELOPMENT_ASSET_PATHS = "\"DoorMate/Preview Content\"";
				DEVELOPMENT_TEAM = 8QQ44SDS43;
				ENABLE_PREVIEWS = YES;
				GENERATE_INFOPLIST_FILE = YES;
				INFOPLIST_KEY_UIApplicationSceneManifest_Generation = YES;
				INFOPLIST_KEY_UIApplicationSupportsIndirectInputEvents = YES;
				INFOPLIST_KEY_UILaunchScreen_Generation = YES;
				INFOPLIST_KEY_UISupportedInterfaceOrientations = "UIInterfaceOrientationLandscapeLeft UIInterfaceOrientationLandscapeRight UIInterfaceOrientationPortrait";
				INFOPLIST_KEY_UISupportedInterfaceOrientations_iPad = "UIInterfaceOrientationLandscapeLeft UIInterfaceOrientationLandscapeRight UIInterfaceOrientationPortrait UIInterfaceOrientationPortraitUpsideDown";
				LD_RUNPATH_SEARCH_PATHS = (
					"$(inherited)",
					"@executable_path/Frameworks",
				);
				MARKETING_VERSION = 1.0;
				PRODUCT_BUNDLE_IDENTIFIER = com.slugsolutions.DoorMate;
				PRODUCT_NAME = "$(TARGET_NAME)";
				SWIFT_EMIT_LOC_STRINGS = YES;
				SWIFT_VERSION = 5.0;
				TARGETED_DEVICE_FAMILY = "1,2";
			};
			name = Release;
		};
		9E5837AA2CB3C350007F84EB /* Debug */ = {
			isa = XCBuildConfiguration;
			buildSettings = {
				ALWAYS_EMBED_SWIFT_STANDARD_LIBRARIES = YES;
				BUNDLE_LOADER = "$(TEST_HOST)";
				CODE_SIGN_STYLE = Automatic;
				CURRENT_PROJECT_VERSION = 1;
				GENERATE_INFOPLIST_FILE = YES;
				IPHONEOS_DEPLOYMENT_TARGET = 17.4;
				MARKETING_VERSION = 1.0;
				PRODUCT_BUNDLE_IDENTIFIER = com.slugsolutions.DoorMateTests;
				PRODUCT_NAME = "$(TARGET_NAME)";
				SWIFT_EMIT_LOC_STRINGS = NO;
				SWIFT_VERSION = 5.0;
				TARGETED_DEVICE_FAMILY = "1,2";
				TEST_HOST = "$(BUILT_PRODUCTS_DIR)/DoorMate.app/$(BUNDLE_EXECUTABLE_FOLDER_PATH)/DoorMate";
			};
			name = Debug;
		};
		9E5837AB2CB3C350007F84EB /* Release */ = {
			isa = XCBuildConfiguration;
			buildSettings = {
				ALWAYS_EMBED_SWIFT_STANDARD_LIBRARIES = YES;
				BUNDLE_LOADER = "$(TEST_HOST)";
				CODE_SIGN_STYLE = Automatic;
				CURRENT_PROJECT_VERSION = 1;
				GENERATE_INFOPLIST_FILE = YES;
				IPHONEOS_DEPLOYMENT_TARGET = 17.4;
				MARKETING_VERSION = 1.0;
				PRODUCT_BUNDLE_IDENTIFIER = com.slugsolutions.DoorMateTests;
				PRODUCT_NAME = "$(TARGET_NAME)";
				SWIFT_EMIT_LOC_STRINGS = NO;
				SWIFT_VERSION = 5.0;
				TARGETED_DEVICE_FAMILY = "1,2";
				TEST_HOST = "$(BUILT_PRODUCTS_DIR)/DoorMate.app/$(BUNDLE_EXECUTABLE_FOLDER_PATH)/DoorMate";
			};
			name = Release;
		};
		9E5837AD2CB3C350007F84EB /* Debug */ = {
			isa = XCBuildConfiguration;
			buildSettings = {
				ALWAYS_EMBED_SWIFT_STANDARD_LIBRARIES = YES;
				CODE_SIGN_STYLE = Automatic;
				CURRENT_PROJECT_VERSION = 1;
				GENERATE_INFOPLIST_FILE = YES;
				MARKETING_VERSION = 1.0;
				PRODUCT_BUNDLE_IDENTIFIER = com.slugsolutions.DoorMateUITests;
				PRODUCT_NAME = "$(TARGET_NAME)";
				SWIFT_EMIT_LOC_STRINGS = NO;
				SWIFT_VERSION = 5.0;
				TARGETED_DEVICE_FAMILY = "1,2";
				TEST_TARGET_NAME = DoorMate;
			};
			name = Debug;
		};
		9E5837AE2CB3C350007F84EB /* Release */ = {
			isa = XCBuildConfiguration;
			buildSettings = {
				ALWAYS_EMBED_SWIFT_STANDARD_LIBRARIES = YES;
				CODE_SIGN_STYLE = Automatic;
				CURRENT_PROJECT_VERSION = 1;
				GENERATE_INFOPLIST_FILE = YES;
				MARKETING_VERSION = 1.0;
				PRODUCT_BUNDLE_IDENTIFIER = com.slugsolutions.DoorMateUITests;
				PRODUCT_NAME = "$(TARGET_NAME)";
				SWIFT_EMIT_LOC_STRINGS = NO;
				SWIFT_VERSION = 5.0;
				TARGETED_DEVICE_FAMILY = "1,2";
				TEST_TARGET_NAME = DoorMate;
			};
			name = Release;
		};
/* End XCBuildConfiguration section */

/* Begin XCConfigurationList section */
		9E58377D2CB3C34F007F84EB /* Build configuration list for PBXProject "DoorMate" */ = {
			isa = XCConfigurationList;
			buildConfigurations = (
				9E5837A42CB3C350007F84EB /* Debug */,
				9E5837A52CB3C350007F84EB /* Release */,
			);
			defaultConfigurationIsVisible = 0;
			defaultConfigurationName = Release;
		};
		9E5837A62CB3C350007F84EB /* Build configuration list for PBXNativeTarget "DoorMate" */ = {
			isa = XCConfigurationList;
			buildConfigurations = (
				9E5837A72CB3C350007F84EB /* Debug */,
				9E5837A82CB3C350007F84EB /* Release */,
			);
			defaultConfigurationIsVisible = 0;
			defaultConfigurationName = Release;
		};
		9E5837A92CB3C350007F84EB /* Build configuration list for PBXNativeTarget "DoorMateTests" */ = {
			isa = XCConfigurationList;
			buildConfigurations = (
				9E5837AA2CB3C350007F84EB /* Debug */,
				9E5837AB2CB3C350007F84EB /* Release */,
			);
			defaultConfigurationIsVisible = 0;
			defaultConfigurationName = Release;
		};
		9E5837AC2CB3C350007F84EB /* Build configuration list for PBXNativeTarget "DoorMateUITests" */ = {
			isa = XCConfigurationList;
			buildConfigurations = (
				9E5837AD2CB3C350007F84EB /* Debug */,
				9E5837AE2CB3C350007F84EB /* Release */,
			);
			defaultConfigurationIsVisible = 0;
			defaultConfigurationName = Release;
		};
/* End XCConfigurationList section */
	};
	rootObject = 9E58377A2CB3C34F007F84EB /* Project object */;
}
